# This file is automatically @generated by Cargo.
# It is not intended for manual editing.
[[package]]
name = "om-bis"
version = "0.1.0"

[[package]]
name = "om-ict1"
version = "0.1.0"
dependencies = [
 "om-bis",
 "om-nt",
 "om-pl",
]

[[package]]
name = "om-nt"
version = "0.1.0"

[[package]]
name = "om-pl"
version = "0.1.0"
